
Microsoft Visual Studio Solution File, Format Version 12.00
# Visual Studio Version 17
VisualStudioVersion = 17.2.32516.85
MinimumVisualStudioVersion = 10.0.40219.1
Project("{9A19103F-16F7-4668-BE54-9A1E7A4F7556}") = "VDStudios.MagicEngine", "VDStudios.MagicEngine\VDStudios.MagicEngine.csproj", "{938DC9C7-9226-4B4B-9B13-802E25686BD7}"
EndProject
Project("{9A19103F-16F7-4668-BE54-9A1E7A4F7556}") = "VDStudios.MagicEngine.Demo", "VDStudios.MagicEngine.Demo\VDStudios.MagicEngine.Demo.csproj", "{B3E46EAE-61CE-4873-8C44-7CBA99A51F4B}"
EndProject
Project("{9A19103F-16F7-4668-BE54-9A1E7A4F7556}") = "VDStudios.MagicEngine.Benchmarks", "VDStudios.MagicEngine.Benchmarks\VDStudios.MagicEngine.Benchmarks.csproj", "{84EC3D01-2881-402F-BB7E-DA77745F58D7}"
EndProject
Project("{9A19103F-16F7-4668-BE54-9A1E7A4F7556}") = "Veldrid", "dependencies\veldrid\src\Veldrid\Veldrid.csproj", "{17B474C4-2A6D-429A-841B-41B7B21E4CF6}"
EndProject
Project("{2150E333-8FDC-42A3-9474-1A3956D46DE8}") = "Dependencies", "Dependencies", "{DB5DB420-84D9-4657-AEAB-8C4E161833DC}"
EndProject
Project("{2150E333-8FDC-42A3-9474-1A3956D46DE8}") = "Veldrid", "Veldrid", "{156563DF-0E13-497A-B6DB-F38B0939C1F7}"
EndProject
Project("{9A19103F-16F7-4668-BE54-9A1E7A4F7556}") = "Veldrid.ImageSharp", "dependencies\veldrid\src\Veldrid.ImageSharp\Veldrid.ImageSharp.csproj", "{EF31FF8C-78C7-496E-85BD-1D677A0CEDA2}"
EndProject
Project("{9A19103F-16F7-4668-BE54-9A1E7A4F7556}") = "Veldrid.MetalBindings", "dependencies\veldrid\src\Veldrid.MetalBindings\Veldrid.MetalBindings.csproj", "{446F4A25-3C7F-4D91-9C5C-6DE9E479BBA5}"
EndProject
Project("{9A19103F-16F7-4668-BE54-9A1E7A4F7556}") = "Veldrid.OpenGLBindings", "dependencies\veldrid\src\Veldrid.OpenGLBindings\Veldrid.OpenGLBindings.csproj", "{EC8166CB-C10A-4639-8315-23627F9215DD}"
EndProject
Project("{9A19103F-16F7-4668-BE54-9A1E7A4F7556}") = "Veldrid.RenderDoc", "dependencies\veldrid\src\Veldrid.RenderDoc\Veldrid.RenderDoc.csproj", "{B202BA6D-B127-40CE-A033-A06B78B7511C}"
EndProject
Project("{9A19103F-16F7-4668-BE54-9A1E7A4F7556}") = "Veldrid.Utilities", "dependencies\veldrid\src\Veldrid.Utilities\Veldrid.Utilities.csproj", "{7D338AE6-40B0-457D-B8F1-3D44B777A78C}"
EndProject
Project("{2150E333-8FDC-42A3-9474-1A3956D46DE8}") = "Veldrid-SPIRV", "Veldrid-SPIRV", "{F4C16EA8-E050-4051-9E4E-1BA3FCE3FC36}"
EndProject
Project("{9A19103F-16F7-4668-BE54-9A1E7A4F7556}") = "Veldrid.SPIRV", "dependencies\veldrid-spirv\src\Veldrid.SPIRV\Veldrid.SPIRV.csproj", "{0E097CB5-1D06-4E9E-A177-8C92BBE5B79E}"
EndProject
Project("{9A19103F-16F7-4668-BE54-9A1E7A4F7556}") = "Veldrid.SPIRV.VariantCompiler", "dependencies\veldrid-spirv\src\Veldrid.SPIRV.VariantCompiler\Veldrid.SPIRV.VariantCompiler.csproj", "{930ECFC5-352F-4D22-B9D7-5D199CC82988}"
EndProject
Project("{9A19103F-16F7-4668-BE54-9A1E7A4F7556}") = "Veldrid.SPIRV.BuildTools", "dependencies\veldrid-spirv\src\Veldrid.SPIRV.BuildTools\Veldrid.SPIRV.BuildTools.csproj", "{DFFD84BF-5A56-4E28-A97C-30B93A5E5758}"
EndProject
Project("{2150E333-8FDC-42A3-9474-1A3956D46DE8}") = "Utilities", "Utilities", "{A84F36FA-B02D-496C-8A9F-62D433E1A69D}"
EndProject
Project("{9A19103F-16F7-4668-BE54-9A1E7A4F7556}") = "VDStudios.Utilities.Grids", "VDStudios.Utilities.Grids\VDStudios.Utilities.Grids.csproj", "{1C49FECD-CBF5-4F6A-B797-832C4CF61A50}"
EndProject
Global
	GlobalSection(SolutionConfigurationPlatforms) = preSolution
		Debug|Any CPU = Debug|Any CPU
		Release|Any CPU = Release|Any CPU
	EndGlobalSection
	GlobalSection(ProjectConfigurationPlatforms) = postSolution
		{938DC9C7-9226-4B4B-9B13-802E25686BD7}.Debug|Any CPU.ActiveCfg = Debug|Any CPU
		{938DC9C7-9226-4B4B-9B13-802E25686BD7}.Debug|Any CPU.Build.0 = Debug|Any CPU
		{938DC9C7-9226-4B4B-9B13-802E25686BD7}.Release|Any CPU.ActiveCfg = Release|Any CPU
		{938DC9C7-9226-4B4B-9B13-802E25686BD7}.Release|Any CPU.Build.0 = Release|Any CPU
		{B3E46EAE-61CE-4873-8C44-7CBA99A51F4B}.Debug|Any CPU.ActiveCfg = Debug|Any CPU
		{B3E46EAE-61CE-4873-8C44-7CBA99A51F4B}.Debug|Any CPU.Build.0 = Debug|Any CPU
		{B3E46EAE-61CE-4873-8C44-7CBA99A51F4B}.Release|Any CPU.ActiveCfg = Release|Any CPU
		{B3E46EAE-61CE-4873-8C44-7CBA99A51F4B}.Release|Any CPU.Build.0 = Release|Any CPU
		{84EC3D01-2881-402F-BB7E-DA77745F58D7}.Debug|Any CPU.ActiveCfg = Debug|Any CPU
		{84EC3D01-2881-402F-BB7E-DA77745F58D7}.Debug|Any CPU.Build.0 = Debug|Any CPU
		{84EC3D01-2881-402F-BB7E-DA77745F58D7}.Release|Any CPU.ActiveCfg = Release|Any CPU
		{84EC3D01-2881-402F-BB7E-DA77745F58D7}.Release|Any CPU.Build.0 = Release|Any CPU
		{17B474C4-2A6D-429A-841B-41B7B21E4CF6}.Debug|Any CPU.ActiveCfg = Debug|Any CPU
		{17B474C4-2A6D-429A-841B-41B7B21E4CF6}.Debug|Any CPU.Build.0 = Debug|Any CPU
		{17B474C4-2A6D-429A-841B-41B7B21E4CF6}.Release|Any CPU.ActiveCfg = Release|Any CPU
		{17B474C4-2A6D-429A-841B-41B7B21E4CF6}.Release|Any CPU.Build.0 = Release|Any CPU
		{EF31FF8C-78C7-496E-85BD-1D677A0CEDA2}.Debug|Any CPU.ActiveCfg = Debug|Any CPU
		{EF31FF8C-78C7-496E-85BD-1D677A0CEDA2}.Debug|Any CPU.Build.0 = Debug|Any CPU
		{EF31FF8C-78C7-496E-85BD-1D677A0CEDA2}.Release|Any CPU.ActiveCfg = Release|Any CPU
		{EF31FF8C-78C7-496E-85BD-1D677A0CEDA2}.Release|Any CPU.Build.0 = Release|Any CPU
		{446F4A25-3C7F-4D91-9C5C-6DE9E479BBA5}.Debug|Any CPU.ActiveCfg = Debug|Any CPU
		{446F4A25-3C7F-4D91-9C5C-6DE9E479BBA5}.Debug|Any CPU.Build.0 = Debug|Any CPU
		{446F4A25-3C7F-4D91-9C5C-6DE9E479BBA5}.Release|Any CPU.ActiveCfg = Release|Any CPU
		{446F4A25-3C7F-4D91-9C5C-6DE9E479BBA5}.Release|Any CPU.Build.0 = Release|Any CPU
		{EC8166CB-C10A-4639-8315-23627F9215DD}.Debug|Any CPU.ActiveCfg = Debug|Any CPU
		{EC8166CB-C10A-4639-8315-23627F9215DD}.Debug|Any CPU.Build.0 = Debug|Any CPU
		{EC8166CB-C10A-4639-8315-23627F9215DD}.Release|Any CPU.ActiveCfg = Release|Any CPU
		{EC8166CB-C10A-4639-8315-23627F9215DD}.Release|Any CPU.Build.0 = Release|Any CPU
		{B202BA6D-B127-40CE-A033-A06B78B7511C}.Debug|Any CPU.ActiveCfg = Debug|Any CPU
		{B202BA6D-B127-40CE-A033-A06B78B7511C}.Debug|Any CPU.Build.0 = Debug|Any CPU
		{B202BA6D-B127-40CE-A033-A06B78B7511C}.Release|Any CPU.ActiveCfg = Release|Any CPU
		{B202BA6D-B127-40CE-A033-A06B78B7511C}.Release|Any CPU.Build.0 = Release|Any CPU
		{7D338AE6-40B0-457D-B8F1-3D44B777A78C}.Debug|Any CPU.ActiveCfg = Debug|Any CPU
		{7D338AE6-40B0-457D-B8F1-3D44B777A78C}.Debug|Any CPU.Build.0 = Debug|Any CPU
		{7D338AE6-40B0-457D-B8F1-3D44B777A78C}.Release|Any CPU.ActiveCfg = Release|Any CPU
		{7D338AE6-40B0-457D-B8F1-3D44B777A78C}.Release|Any CPU.Build.0 = Release|Any CPU
		{0E097CB5-1D06-4E9E-A177-8C92BBE5B79E}.Debug|Any CPU.ActiveCfg = Debug|Any CPU
		{0E097CB5-1D06-4E9E-A177-8C92BBE5B79E}.Debug|Any CPU.Build.0 = Debug|Any CPU
		{0E097CB5-1D06-4E9E-A177-8C92BBE5B79E}.Release|Any CPU.ActiveCfg = Release|Any CPU
		{0E097CB5-1D06-4E9E-A177-8C92BBE5B79E}.Release|Any CPU.Build.0 = Release|Any CPU
		{930ECFC5-352F-4D22-B9D7-5D199CC82988}.Debug|Any CPU.ActiveCfg = Debug|Any CPU
		{930ECFC5-352F-4D22-B9D7-5D199CC82988}.Debug|Any CPU.Build.0 = Debug|Any CPU
		{930ECFC5-352F-4D22-B9D7-5D199CC82988}.Release|Any CPU.ActiveCfg = Release|Any CPU
		{930ECFC5-352F-4D22-B9D7-5D199CC82988}.Release|Any CPU.Build.0 = Release|Any CPU
		{DFFD84BF-5A56-4E28-A97C-30B93A5E5758}.Debug|Any CPU.ActiveCfg = Debug|Any CPU
		{DFFD84BF-5A56-4E28-A97C-30B93A5E5758}.Debug|Any CPU.Build.0 = Debug|Any CPU
		{DFFD84BF-5A56-4E28-A97C-30B93A5E5758}.Release|Any CPU.ActiveCfg = Release|Any CPU
		{DFFD84BF-5A56-4E28-A97C-30B93A5E5758}.Release|Any CPU.Build.0 = Release|Any CPU
		{1C49FECD-CBF5-4F6A-B797-832C4CF61A50}.Debug|Any CPU.ActiveCfg = Debug|Any CPU
		{1C49FECD-CBF5-4F6A-B797-832C4CF61A50}.Debug|Any CPU.Build.0 = Debug|Any CPU
		{1C49FECD-CBF5-4F6A-B797-832C4CF61A50}.Release|Any CPU.ActiveCfg = Release|Any CPU
		{1C49FECD-CBF5-4F6A-B797-832C4CF61A50}.Release|Any CPU.Build.0 = Release|Any CPU
	EndGlobalSection
	GlobalSection(SolutionProperties) = preSolution
		HideSolutionNode = FALSE
	EndGlobalSection
	GlobalSection(NestedProjects) = preSolution
		{17B474C4-2A6D-429A-841B-41B7B21E4CF6} = {156563DF-0E13-497A-B6DB-F38B0939C1F7}
		{156563DF-0E13-497A-B6DB-F38B0939C1F7} = {DB5DB420-84D9-4657-AEAB-8C4E161833DC}
		{EF31FF8C-78C7-496E-85BD-1D677A0CEDA2} = {156563DF-0E13-497A-B6DB-F38B0939C1F7}
		{446F4A25-3C7F-4D91-9C5C-6DE9E479BBA5} = {156563DF-0E13-497A-B6DB-F38B0939C1F7}
		{EC8166CB-C10A-4639-8315-23627F9215DD} = {156563DF-0E13-497A-B6DB-F38B0939C1F7}
		{B202BA6D-B127-40CE-A033-A06B78B7511C} = {156563DF-0E13-497A-B6DB-F38B0939C1F7}
		{7D338AE6-40B0-457D-B8F1-3D44B777A78C} = {156563DF-0E13-497A-B6DB-F38B0939C1F7}
		{F4C16EA8-E050-4051-9E4E-1BA3FCE3FC36} = {DB5DB420-84D9-4657-AEAB-8C4E161833DC}
		{0E097CB5-1D06-4E9E-A177-8C92BBE5B79E} = {F4C16EA8-E050-4051-9E4E-1BA3FCE3FC36}
		{930ECFC5-352F-4D22-B9D7-5D199CC82988} = {F4C16EA8-E050-4051-9E4E-1BA3FCE3FC36}
		{DFFD84BF-5A56-4E28-A97C-30B93A5E5758} = {F4C16EA8-E050-4051-9E4E-1BA3FCE3FC36}
		{1C49FECD-CBF5-4F6A-B797-832C4CF61A50} = {A84F36FA-B02D-496C-8A9F-62D433E1A69D}
	EndGlobalSection
	GlobalSection(ExtensibilityGlobals) = postSolution
		SolutionGuid = {6D4206DF-0B60-4CA8-978E-45BF879850A9}
	EndGlobalSection
EndGlobal
