
Microsoft Visual Studio Solution File, Format Version 12.00
# Visual Studio Version 17
VisualStudioVersion = 17.2.32516.85
MinimumVisualStudioVersion = 10.0.40219.1
Project("{9A19103F-16F7-4668-BE54-9A1E7A4F7556}") = "VDStudios.MagicEngine", "VDStudios.MagicEngine\VDStudios.MagicEngine.csproj", "{938DC9C7-9226-4B4B-9B13-802E25686BD7}"
EndProject
Project("{9A19103F-16F7-4668-BE54-9A1E7A4F7556}") = "VDStudios.MagicEngine.Benchmarks", "VDStudios.MagicEngine.Benchmarks\VDStudios.MagicEngine.Benchmarks.csproj", "{84EC3D01-2881-402F-BB7E-DA77745F58D7}"
EndProject
Project("{9A19103F-16F7-4668-BE54-9A1E7A4F7556}") = "VDStudios.MagicEngine.Tests", "VDStudios.MagicEngine.Tests\VDStudios.MagicEngine.Tests.csproj", "{D57699F4-52A6-418D-8A1F-4D6D416061CF}"
EndProject
Project("{2150E333-8FDC-42A3-9474-1A3956D46DE8}") = "Tools", "Tools", "{509D0DC1-9D10-4867-A343-DBF7511335DC}"
EndProject
Project("{2150E333-8FDC-42A3-9474-1A3956D46DE8}") = "Demos And Tests", "Demos And Tests", "{17FF4568-701D-45F9-A612-A3637713FC3E}"
EndProject
Project("{2150E333-8FDC-42A3-9474-1A3956D46DE8}") = "Graphics", "Graphics", "{AF1D8CEB-F9F8-4212-9B8C-CBC30291659E}"
EndProject
Project("{2150E333-8FDC-42A3-9474-1A3956D46DE8}") = "SDL", "SDL", "{96E16A3C-4C5B-4924-AA5B-7B87DD8922A7}"
EndProject
Project("{9A19103F-16F7-4668-BE54-9A1E7A4F7556}") = "VDStudios.MagicEngine.Graphics.SDL", "VDStudios.MagicEngine.Graphics.SDL\VDStudios.MagicEngine.Graphics.SDL.csproj", "{05095DE4-3008-4174-A448-0FE790A6D7BF}"
EndProject
Project("{2150E333-8FDC-42A3-9474-1A3956D46DE8}") = "Dependencies", "Dependencies", "{4B5B3459-0802-4454-8C97-1B4B619F2AB6}"
EndProject
Project("{9A19103F-16F7-4668-BE54-9A1E7A4F7556}") = "SDL2.NET", "dependencies\SDL2.NET\SDL2.NET\SDL2.NET.csproj", "{D5C8497F-AAA6-4D52-A9B5-5DC9969CADF6}"
EndProject
Project("{9A19103F-16F7-4668-BE54-9A1E7A4F7556}") = "SDL2.Bindings", "dependencies\SDL2.NET\SDL2.Bindings\SDL2.Bindings.csproj", "{419531AA-97B0-4714-B5A4-2952D04C3DBA}"
EndProject
Project("{9A19103F-16F7-4668-BE54-9A1E7A4F7556}") = "VDStudios.MagicEngine.SDL.Demo", "VDStudios.MagicEngine.SDL.Demo\VDStudios.MagicEngine.SDL.Demo.csproj", "{D0256451-0E45-4C47-8AE4-6CEF4AE16848}"
EndProject
Project("{9A19103F-16F7-4668-BE54-9A1E7A4F7556}") = "VDStudios.MagicEngine.DemoResources", "VDStudios.MagicEngine.DemoResources\VDStudios.MagicEngine.DemoResources.csproj", "{1B8CBDEE-922A-4281-8137-6ACEF26D4801}"
EndProject
Project("{2150E333-8FDC-42A3-9474-1A3956D46DE8}") = "Physics", "Physics", "{F6B4DFFC-79B2-4676-AA6D-0E68C91D3F98}"
EndProject
Project("{2150E333-8FDC-42A3-9474-1A3956D46DE8}") = "Box2D", "Box2D", "{FEFA65EA-80FA-4957-A0AF-3CB9E46BC6E7}"
EndProject
Project("{2150E333-8FDC-42A3-9474-1A3956D46DE8}") = "Dependencies", "Dependencies", "{CDCDD0D1-DA85-4D0F-A5C9-08C59FB1AA22}"
EndProject
Project("{9A19103F-16F7-4668-BE54-9A1E7A4F7556}") = "VDStudios.MagicEngine.Physics.Box2D", "VDStudios.MagicEngine.Physics.Box2D\VDStudios.MagicEngine.Physics.Box2D.csproj", "{84554694-D2B4-482A-833F-B4A95921F0C7}"
EndProject
Project("{2150E333-8FDC-42A3-9474-1A3956D46DE8}") = "Extensions", "Extensions", "{3B5F5C60-7293-4ACB-B208-EE45983C2D34}"
EndProject
Project("{9A19103F-16F7-4668-BE54-9A1E7A4F7556}") = "VDStudios.MagicEngine.Extensions.VideoRecording", "VDStudios.MagicEngine.Extensions.VideoRecording\VDStudios.MagicEngine.Extensions.VideoRecording.csproj", "{06F28C43-02BB-4CC6-8D23-E12F42FCC315}"
EndProject
Project("{2150E333-8FDC-42A3-9474-1A3956D46DE8}") = "Video Recording", "Video Recording", "{DF83F9D3-48E8-4224-8278-1731A44C0DA3}"
EndProject
Project("{9A19103F-16F7-4668-BE54-9A1E7A4F7556}") = "VDStudios.MagicEngine.Extensions.VideoRecording.SDL", "VDStudios.MagicEngine.Extensions.VideoRecording.SDL\VDStudios.MagicEngine.Extensions.VideoRecording.SDL.csproj", "{D54964A5-0122-4A79-B286-1CA80BE78347}"
EndProject
Project("{2150E333-8FDC-42A3-9474-1A3956D46DE8}") = "Veldrid", "Veldrid", "{5297D552-60F3-4C51-903F-5D4BBF42E62A}"
EndProject
Project("{2150E333-8FDC-42A3-9474-1A3956D46DE8}") = "Dependencies", "Dependencies", "{4A385F99-D912-45B5-B90F-D4CC35327D2B}"
EndProject
Project("{9A19103F-16F7-4668-BE54-9A1E7A4F7556}") = "Veldrid", "dependencies\veldrid\src\Veldrid\Veldrid.csproj", "{DF75D836-4B43-45BE-968A-7AED87D8A838}"
EndProject
Project("{9A19103F-16F7-4668-BE54-9A1E7A4F7556}") = "Veldrid.ImageSharp", "dependencies\veldrid\src\Veldrid.ImageSharp\Veldrid.ImageSharp.csproj", "{964038FF-05A6-4526-98EF-A412A30C11DB}"
EndProject
Project("{9A19103F-16F7-4668-BE54-9A1E7A4F7556}") = "Veldrid.ImGui", "dependencies\veldrid\src\Veldrid.ImGui\Veldrid.ImGui.csproj", "{39CEA822-9ACC-412B-A07D-821595A3698B}"
EndProject
Project("{9A19103F-16F7-4668-BE54-9A1E7A4F7556}") = "Veldrid.SPIRV", "dependencies\veldrid-spirv\src\Veldrid.SPIRV\Veldrid.SPIRV.csproj", "{8D37D35C-08DF-48FF-97DF-CBA6119E3DF3}"
EndProject
Project("{9A19103F-16F7-4668-BE54-9A1E7A4F7556}") = "VDStudios.MagicEngine.Graphics.Veldrid", "VDStudios.MagicEngine.Graphics.Veldrid\VDStudios.MagicEngine.Graphics.Veldrid.csproj", "{CE6C3F7C-B05B-4BE3-B982-A27E7A73C4F3}"
EndProject
Project("{9A19103F-16F7-4668-BE54-9A1E7A4F7556}") = "VDStudios.MagicEngine.Veldrid.Demo", "VDStudios.MagicEngine.Veldrid.Demo\VDStudios.MagicEngine.Veldrid.Demo.csproj", "{1687A6B1-662C-4A5D-BC3D-5BC26E544757}"
EndProject
Project("{9A19103F-16F7-4668-BE54-9A1E7A4F7556}") = "VDStudios.MagicEngine.SDL.Base", "VDStudios.MagicEngine.SDL.Base\VDStudios.MagicEngine.SDL.Base.csproj", "{FA84850A-20CA-4E08-8863-7F912470CD2C}"
EndProject
Global
	GlobalSection(SolutionConfigurationPlatforms) = preSolution
		Debug|Any CPU = Debug|Any CPU
		Debug|x64 = Debug|x64
		Debug|x86 = Debug|x86
		Release|Any CPU = Release|Any CPU
		Release|x64 = Release|x64
		Release|x86 = Release|x86
	EndGlobalSection
	GlobalSection(ProjectConfigurationPlatforms) = postSolution
		{938DC9C7-9226-4B4B-9B13-802E25686BD7}.Debug|Any CPU.ActiveCfg = Debug|Any CPU
		{938DC9C7-9226-4B4B-9B13-802E25686BD7}.Debug|Any CPU.Build.0 = Debug|Any CPU
		{938DC9C7-9226-4B4B-9B13-802E25686BD7}.Debug|x64.ActiveCfg = Debug|x64
		{938DC9C7-9226-4B4B-9B13-802E25686BD7}.Debug|x64.Build.0 = Debug|x64
		{938DC9C7-9226-4B4B-9B13-802E25686BD7}.Debug|x86.ActiveCfg = Debug|x86
		{938DC9C7-9226-4B4B-9B13-802E25686BD7}.Debug|x86.Build.0 = Debug|x86
		{938DC9C7-9226-4B4B-9B13-802E25686BD7}.Release|Any CPU.ActiveCfg = Release|Any CPU
		{938DC9C7-9226-4B4B-9B13-802E25686BD7}.Release|Any CPU.Build.0 = Release|Any CPU
		{938DC9C7-9226-4B4B-9B13-802E25686BD7}.Release|x64.ActiveCfg = Release|x64
		{938DC9C7-9226-4B4B-9B13-802E25686BD7}.Release|x64.Build.0 = Release|x64
		{938DC9C7-9226-4B4B-9B13-802E25686BD7}.Release|x86.ActiveCfg = Release|x86
		{938DC9C7-9226-4B4B-9B13-802E25686BD7}.Release|x86.Build.0 = Release|x86
		{84EC3D01-2881-402F-BB7E-DA77745F58D7}.Debug|Any CPU.ActiveCfg = Debug|Any CPU
		{84EC3D01-2881-402F-BB7E-DA77745F58D7}.Debug|Any CPU.Build.0 = Debug|Any CPU
		{84EC3D01-2881-402F-BB7E-DA77745F58D7}.Debug|x64.ActiveCfg = Debug|x64
		{84EC3D01-2881-402F-BB7E-DA77745F58D7}.Debug|x64.Build.0 = Debug|x64
		{84EC3D01-2881-402F-BB7E-DA77745F58D7}.Debug|x86.ActiveCfg = Debug|x86
		{84EC3D01-2881-402F-BB7E-DA77745F58D7}.Debug|x86.Build.0 = Debug|x86
		{84EC3D01-2881-402F-BB7E-DA77745F58D7}.Release|Any CPU.ActiveCfg = Release|Any CPU
		{84EC3D01-2881-402F-BB7E-DA77745F58D7}.Release|Any CPU.Build.0 = Release|Any CPU
		{84EC3D01-2881-402F-BB7E-DA77745F58D7}.Release|x64.ActiveCfg = Release|x64
		{84EC3D01-2881-402F-BB7E-DA77745F58D7}.Release|x64.Build.0 = Release|x64
		{84EC3D01-2881-402F-BB7E-DA77745F58D7}.Release|x86.ActiveCfg = Release|x86
		{84EC3D01-2881-402F-BB7E-DA77745F58D7}.Release|x86.Build.0 = Release|x86
		{D57699F4-52A6-418D-8A1F-4D6D416061CF}.Debug|Any CPU.ActiveCfg = Debug|Any CPU
		{D57699F4-52A6-418D-8A1F-4D6D416061CF}.Debug|Any CPU.Build.0 = Debug|Any CPU
		{D57699F4-52A6-418D-8A1F-4D6D416061CF}.Debug|x64.ActiveCfg = Debug|x64
		{D57699F4-52A6-418D-8A1F-4D6D416061CF}.Debug|x64.Build.0 = Debug|x64
		{D57699F4-52A6-418D-8A1F-4D6D416061CF}.Debug|x86.ActiveCfg = Debug|x86
		{D57699F4-52A6-418D-8A1F-4D6D416061CF}.Debug|x86.Build.0 = Debug|x86
		{D57699F4-52A6-418D-8A1F-4D6D416061CF}.Release|Any CPU.ActiveCfg = Release|Any CPU
		{D57699F4-52A6-418D-8A1F-4D6D416061CF}.Release|Any CPU.Build.0 = Release|Any CPU
		{D57699F4-52A6-418D-8A1F-4D6D416061CF}.Release|x64.ActiveCfg = Release|x64
		{D57699F4-52A6-418D-8A1F-4D6D416061CF}.Release|x64.Build.0 = Release|x64
		{D57699F4-52A6-418D-8A1F-4D6D416061CF}.Release|x86.ActiveCfg = Release|x86
		{D57699F4-52A6-418D-8A1F-4D6D416061CF}.Release|x86.Build.0 = Release|x86
		{05095DE4-3008-4174-A448-0FE790A6D7BF}.Debug|Any CPU.ActiveCfg = Debug|Any CPU
		{05095DE4-3008-4174-A448-0FE790A6D7BF}.Debug|Any CPU.Build.0 = Debug|Any CPU
		{05095DE4-3008-4174-A448-0FE790A6D7BF}.Debug|x64.ActiveCfg = Debug|x64
		{05095DE4-3008-4174-A448-0FE790A6D7BF}.Debug|x64.Build.0 = Debug|x64
		{05095DE4-3008-4174-A448-0FE790A6D7BF}.Debug|x86.ActiveCfg = Debug|x86
		{05095DE4-3008-4174-A448-0FE790A6D7BF}.Debug|x86.Build.0 = Debug|x86
		{05095DE4-3008-4174-A448-0FE790A6D7BF}.Release|Any CPU.ActiveCfg = Release|Any CPU
		{05095DE4-3008-4174-A448-0FE790A6D7BF}.Release|Any CPU.Build.0 = Release|Any CPU
		{05095DE4-3008-4174-A448-0FE790A6D7BF}.Release|x64.ActiveCfg = Release|x64
		{05095DE4-3008-4174-A448-0FE790A6D7BF}.Release|x64.Build.0 = Release|x64
		{05095DE4-3008-4174-A448-0FE790A6D7BF}.Release|x86.ActiveCfg = Release|x86
		{05095DE4-3008-4174-A448-0FE790A6D7BF}.Release|x86.Build.0 = Release|x86
		{D5C8497F-AAA6-4D52-A9B5-5DC9969CADF6}.Debug|Any CPU.ActiveCfg = Debug|Any CPU
		{D5C8497F-AAA6-4D52-A9B5-5DC9969CADF6}.Debug|Any CPU.Build.0 = Debug|Any CPU
		{D5C8497F-AAA6-4D52-A9B5-5DC9969CADF6}.Debug|x64.ActiveCfg = Debug|x64
		{D5C8497F-AAA6-4D52-A9B5-5DC9969CADF6}.Debug|x64.Build.0 = Debug|x64
		{D5C8497F-AAA6-4D52-A9B5-5DC9969CADF6}.Debug|x86.ActiveCfg = Debug|x86
		{D5C8497F-AAA6-4D52-A9B5-5DC9969CADF6}.Debug|x86.Build.0 = Debug|x86
		{D5C8497F-AAA6-4D52-A9B5-5DC9969CADF6}.Release|Any CPU.ActiveCfg = Release|Any CPU
		{D5C8497F-AAA6-4D52-A9B5-5DC9969CADF6}.Release|Any CPU.Build.0 = Release|Any CPU
		{D5C8497F-AAA6-4D52-A9B5-5DC9969CADF6}.Release|x64.ActiveCfg = Release|x64
		{D5C8497F-AAA6-4D52-A9B5-5DC9969CADF6}.Release|x64.Build.0 = Release|x64
		{D5C8497F-AAA6-4D52-A9B5-5DC9969CADF6}.Release|x86.ActiveCfg = Release|x86
		{D5C8497F-AAA6-4D52-A9B5-5DC9969CADF6}.Release|x86.Build.0 = Release|x86
		{419531AA-97B0-4714-B5A4-2952D04C3DBA}.Debug|Any CPU.ActiveCfg = Debug|Any CPU
		{419531AA-97B0-4714-B5A4-2952D04C3DBA}.Debug|Any CPU.Build.0 = Debug|Any CPU
		{419531AA-97B0-4714-B5A4-2952D04C3DBA}.Debug|x64.ActiveCfg = Debug|x64
		{419531AA-97B0-4714-B5A4-2952D04C3DBA}.Debug|x64.Build.0 = Debug|x64
		{419531AA-97B0-4714-B5A4-2952D04C3DBA}.Debug|x86.ActiveCfg = Debug|x86
		{419531AA-97B0-4714-B5A4-2952D04C3DBA}.Debug|x86.Build.0 = Debug|x86
		{419531AA-97B0-4714-B5A4-2952D04C3DBA}.Release|Any CPU.ActiveCfg = Release|Any CPU
		{419531AA-97B0-4714-B5A4-2952D04C3DBA}.Release|Any CPU.Build.0 = Release|Any CPU
		{419531AA-97B0-4714-B5A4-2952D04C3DBA}.Release|x64.ActiveCfg = Release|x64
		{419531AA-97B0-4714-B5A4-2952D04C3DBA}.Release|x64.Build.0 = Release|x64
		{419531AA-97B0-4714-B5A4-2952D04C3DBA}.Release|x86.ActiveCfg = Release|x86
		{419531AA-97B0-4714-B5A4-2952D04C3DBA}.Release|x86.Build.0 = Release|x86
		{D0256451-0E45-4C47-8AE4-6CEF4AE16848}.Debug|Any CPU.ActiveCfg = Debug|Any CPU
		{D0256451-0E45-4C47-8AE4-6CEF4AE16848}.Debug|Any CPU.Build.0 = Debug|Any CPU
		{D0256451-0E45-4C47-8AE4-6CEF4AE16848}.Debug|x64.ActiveCfg = Debug|x64
		{D0256451-0E45-4C47-8AE4-6CEF4AE16848}.Debug|x64.Build.0 = Debug|x64
		{D0256451-0E45-4C47-8AE4-6CEF4AE16848}.Debug|x86.ActiveCfg = Debug|x86
		{D0256451-0E45-4C47-8AE4-6CEF4AE16848}.Debug|x86.Build.0 = Debug|x86
		{D0256451-0E45-4C47-8AE4-6CEF4AE16848}.Release|Any CPU.ActiveCfg = Release|Any CPU
		{D0256451-0E45-4C47-8AE4-6CEF4AE16848}.Release|Any CPU.Build.0 = Release|Any CPU
		{D0256451-0E45-4C47-8AE4-6CEF4AE16848}.Release|x64.ActiveCfg = Release|x64
		{D0256451-0E45-4C47-8AE4-6CEF4AE16848}.Release|x64.Build.0 = Release|x64
		{D0256451-0E45-4C47-8AE4-6CEF4AE16848}.Release|x86.ActiveCfg = Release|x86
		{D0256451-0E45-4C47-8AE4-6CEF4AE16848}.Release|x86.Build.0 = Release|x86
		{1B8CBDEE-922A-4281-8137-6ACEF26D4801}.Debug|Any CPU.ActiveCfg = Debug|Any CPU
		{1B8CBDEE-922A-4281-8137-6ACEF26D4801}.Debug|Any CPU.Build.0 = Debug|Any CPU
		{1B8CBDEE-922A-4281-8137-6ACEF26D4801}.Debug|x64.ActiveCfg = Debug|x64
		{1B8CBDEE-922A-4281-8137-6ACEF26D4801}.Debug|x64.Build.0 = Debug|x64
		{1B8CBDEE-922A-4281-8137-6ACEF26D4801}.Debug|x86.ActiveCfg = Debug|x86
		{1B8CBDEE-922A-4281-8137-6ACEF26D4801}.Debug|x86.Build.0 = Debug|x86
		{1B8CBDEE-922A-4281-8137-6ACEF26D4801}.Release|Any CPU.ActiveCfg = Release|Any CPU
		{1B8CBDEE-922A-4281-8137-6ACEF26D4801}.Release|Any CPU.Build.0 = Release|Any CPU
		{1B8CBDEE-922A-4281-8137-6ACEF26D4801}.Release|x64.ActiveCfg = Release|x64
		{1B8CBDEE-922A-4281-8137-6ACEF26D4801}.Release|x64.Build.0 = Release|x64
		{1B8CBDEE-922A-4281-8137-6ACEF26D4801}.Release|x86.ActiveCfg = Release|x86
		{1B8CBDEE-922A-4281-8137-6ACEF26D4801}.Release|x86.Build.0 = Release|x86
		{84554694-D2B4-482A-833F-B4A95921F0C7}.Debug|Any CPU.ActiveCfg = Debug|Any CPU
		{84554694-D2B4-482A-833F-B4A95921F0C7}.Debug|Any CPU.Build.0 = Debug|Any CPU
		{84554694-D2B4-482A-833F-B4A95921F0C7}.Debug|x64.ActiveCfg = Debug|Any CPU
		{84554694-D2B4-482A-833F-B4A95921F0C7}.Debug|x64.Build.0 = Debug|Any CPU
		{84554694-D2B4-482A-833F-B4A95921F0C7}.Debug|x86.ActiveCfg = Debug|Any CPU
		{84554694-D2B4-482A-833F-B4A95921F0C7}.Debug|x86.Build.0 = Debug|Any CPU
		{84554694-D2B4-482A-833F-B4A95921F0C7}.Release|Any CPU.ActiveCfg = Release|Any CPU
		{84554694-D2B4-482A-833F-B4A95921F0C7}.Release|Any CPU.Build.0 = Release|Any CPU
		{84554694-D2B4-482A-833F-B4A95921F0C7}.Release|x64.ActiveCfg = Release|Any CPU
		{84554694-D2B4-482A-833F-B4A95921F0C7}.Release|x64.Build.0 = Release|Any CPU
		{84554694-D2B4-482A-833F-B4A95921F0C7}.Release|x86.ActiveCfg = Release|Any CPU
		{84554694-D2B4-482A-833F-B4A95921F0C7}.Release|x86.Build.0 = Release|Any CPU
		{06F28C43-02BB-4CC6-8D23-E12F42FCC315}.Debug|Any CPU.ActiveCfg = Debug|Any CPU
		{06F28C43-02BB-4CC6-8D23-E12F42FCC315}.Debug|Any CPU.Build.0 = Debug|Any CPU
		{06F28C43-02BB-4CC6-8D23-E12F42FCC315}.Debug|x64.ActiveCfg = Debug|Any CPU
		{06F28C43-02BB-4CC6-8D23-E12F42FCC315}.Debug|x64.Build.0 = Debug|Any CPU
		{06F28C43-02BB-4CC6-8D23-E12F42FCC315}.Debug|x86.ActiveCfg = Debug|Any CPU
		{06F28C43-02BB-4CC6-8D23-E12F42FCC315}.Debug|x86.Build.0 = Debug|Any CPU
		{06F28C43-02BB-4CC6-8D23-E12F42FCC315}.Release|Any CPU.ActiveCfg = Release|Any CPU
		{06F28C43-02BB-4CC6-8D23-E12F42FCC315}.Release|Any CPU.Build.0 = Release|Any CPU
		{06F28C43-02BB-4CC6-8D23-E12F42FCC315}.Release|x64.ActiveCfg = Release|Any CPU
		{06F28C43-02BB-4CC6-8D23-E12F42FCC315}.Release|x64.Build.0 = Release|Any CPU
		{06F28C43-02BB-4CC6-8D23-E12F42FCC315}.Release|x86.ActiveCfg = Release|Any CPU
		{06F28C43-02BB-4CC6-8D23-E12F42FCC315}.Release|x86.Build.0 = Release|Any CPU
		{D54964A5-0122-4A79-B286-1CA80BE78347}.Debug|Any CPU.ActiveCfg = Debug|Any CPU
		{D54964A5-0122-4A79-B286-1CA80BE78347}.Debug|Any CPU.Build.0 = Debug|Any CPU
		{D54964A5-0122-4A79-B286-1CA80BE78347}.Debug|x64.ActiveCfg = Debug|Any CPU
		{D54964A5-0122-4A79-B286-1CA80BE78347}.Debug|x64.Build.0 = Debug|Any CPU
		{D54964A5-0122-4A79-B286-1CA80BE78347}.Debug|x86.ActiveCfg = Debug|Any CPU
		{D54964A5-0122-4A79-B286-1CA80BE78347}.Debug|x86.Build.0 = Debug|Any CPU
		{D54964A5-0122-4A79-B286-1CA80BE78347}.Release|Any CPU.ActiveCfg = Release|Any CPU
		{D54964A5-0122-4A79-B286-1CA80BE78347}.Release|Any CPU.Build.0 = Release|Any CPU
		{D54964A5-0122-4A79-B286-1CA80BE78347}.Release|x64.ActiveCfg = Release|Any CPU
		{D54964A5-0122-4A79-B286-1CA80BE78347}.Release|x64.Build.0 = Release|Any CPU
		{D54964A5-0122-4A79-B286-1CA80BE78347}.Release|x86.ActiveCfg = Release|Any CPU
		{D54964A5-0122-4A79-B286-1CA80BE78347}.Release|x86.Build.0 = Release|Any CPU
		{DF75D836-4B43-45BE-968A-7AED87D8A838}.Debug|Any CPU.ActiveCfg = Debug|Any CPU
		{DF75D836-4B43-45BE-968A-7AED87D8A838}.Debug|Any CPU.Build.0 = Debug|Any CPU
		{DF75D836-4B43-45BE-968A-7AED87D8A838}.Debug|x64.ActiveCfg = Debug|x64
		{DF75D836-4B43-45BE-968A-7AED87D8A838}.Debug|x64.Build.0 = Debug|x64
		{DF75D836-4B43-45BE-968A-7AED87D8A838}.Debug|x86.ActiveCfg = Debug|x86
		{DF75D836-4B43-45BE-968A-7AED87D8A838}.Debug|x86.Build.0 = Debug|x86
		{DF75D836-4B43-45BE-968A-7AED87D8A838}.Release|Any CPU.ActiveCfg = Release|Any CPU
		{DF75D836-4B43-45BE-968A-7AED87D8A838}.Release|Any CPU.Build.0 = Release|Any CPU
		{DF75D836-4B43-45BE-968A-7AED87D8A838}.Release|x64.ActiveCfg = Release|x64
		{DF75D836-4B43-45BE-968A-7AED87D8A838}.Release|x64.Build.0 = Release|x64
		{DF75D836-4B43-45BE-968A-7AED87D8A838}.Release|x86.ActiveCfg = Release|x86
		{DF75D836-4B43-45BE-968A-7AED87D8A838}.Release|x86.Build.0 = Release|x86
		{964038FF-05A6-4526-98EF-A412A30C11DB}.Debug|Any CPU.ActiveCfg = Debug|Any CPU
		{964038FF-05A6-4526-98EF-A412A30C11DB}.Debug|Any CPU.Build.0 = Debug|Any CPU
		{964038FF-05A6-4526-98EF-A412A30C11DB}.Debug|x64.ActiveCfg = Debug|x64
		{964038FF-05A6-4526-98EF-A412A30C11DB}.Debug|x64.Build.0 = Debug|x64
		{964038FF-05A6-4526-98EF-A412A30C11DB}.Debug|x86.ActiveCfg = Debug|x86
		{964038FF-05A6-4526-98EF-A412A30C11DB}.Debug|x86.Build.0 = Debug|x86
		{964038FF-05A6-4526-98EF-A412A30C11DB}.Release|Any CPU.ActiveCfg = Release|Any CPU
		{964038FF-05A6-4526-98EF-A412A30C11DB}.Release|Any CPU.Build.0 = Release|Any CPU
		{964038FF-05A6-4526-98EF-A412A30C11DB}.Release|x64.ActiveCfg = Release|x64
		{964038FF-05A6-4526-98EF-A412A30C11DB}.Release|x64.Build.0 = Release|x64
		{964038FF-05A6-4526-98EF-A412A30C11DB}.Release|x86.ActiveCfg = Release|x86
		{964038FF-05A6-4526-98EF-A412A30C11DB}.Release|x86.Build.0 = Release|x86
		{39CEA822-9ACC-412B-A07D-821595A3698B}.Debug|Any CPU.ActiveCfg = Debug|Any CPU
		{39CEA822-9ACC-412B-A07D-821595A3698B}.Debug|Any CPU.Build.0 = Debug|Any CPU
		{39CEA822-9ACC-412B-A07D-821595A3698B}.Debug|x64.ActiveCfg = Debug|Any CPU
		{39CEA822-9ACC-412B-A07D-821595A3698B}.Debug|x64.Build.0 = Debug|Any CPU
		{39CEA822-9ACC-412B-A07D-821595A3698B}.Debug|x86.ActiveCfg = Debug|Any CPU
		{39CEA822-9ACC-412B-A07D-821595A3698B}.Debug|x86.Build.0 = Debug|Any CPU
		{39CEA822-9ACC-412B-A07D-821595A3698B}.Release|Any CPU.ActiveCfg = Release|Any CPU
		{39CEA822-9ACC-412B-A07D-821595A3698B}.Release|Any CPU.Build.0 = Release|Any CPU
		{39CEA822-9ACC-412B-A07D-821595A3698B}.Release|x64.ActiveCfg = Release|Any CPU
		{39CEA822-9ACC-412B-A07D-821595A3698B}.Release|x64.Build.0 = Release|Any CPU
		{39CEA822-9ACC-412B-A07D-821595A3698B}.Release|x86.ActiveCfg = Release|Any CPU
		{39CEA822-9ACC-412B-A07D-821595A3698B}.Release|x86.Build.0 = Release|Any CPU
		{8D37D35C-08DF-48FF-97DF-CBA6119E3DF3}.Debug|Any CPU.ActiveCfg = Debug|Any CPU
		{8D37D35C-08DF-48FF-97DF-CBA6119E3DF3}.Debug|Any CPU.Build.0 = Debug|Any CPU
		{8D37D35C-08DF-48FF-97DF-CBA6119E3DF3}.Debug|x64.ActiveCfg = Debug|x64
		{8D37D35C-08DF-48FF-97DF-CBA6119E3DF3}.Debug|x64.Build.0 = Debug|x64
		{8D37D35C-08DF-48FF-97DF-CBA6119E3DF3}.Debug|x86.ActiveCfg = Debug|x86
		{8D37D35C-08DF-48FF-97DF-CBA6119E3DF3}.Debug|x86.Build.0 = Debug|x86
		{8D37D35C-08DF-48FF-97DF-CBA6119E3DF3}.Release|Any CPU.ActiveCfg = Release|Any CPU
		{8D37D35C-08DF-48FF-97DF-CBA6119E3DF3}.Release|Any CPU.Build.0 = Release|Any CPU
		{8D37D35C-08DF-48FF-97DF-CBA6119E3DF3}.Release|x64.ActiveCfg = Release|x64
		{8D37D35C-08DF-48FF-97DF-CBA6119E3DF3}.Release|x64.Build.0 = Release|x64
		{8D37D35C-08DF-48FF-97DF-CBA6119E3DF3}.Release|x86.ActiveCfg = Release|x86
		{8D37D35C-08DF-48FF-97DF-CBA6119E3DF3}.Release|x86.Build.0 = Release|x86
		{CE6C3F7C-B05B-4BE3-B982-A27E7A73C4F3}.Debug|Any CPU.ActiveCfg = Debug|Any CPU
		{CE6C3F7C-B05B-4BE3-B982-A27E7A73C4F3}.Debug|Any CPU.Build.0 = Debug|Any CPU
		{CE6C3F7C-B05B-4BE3-B982-A27E7A73C4F3}.Debug|x64.ActiveCfg = Debug|x64
		{CE6C3F7C-B05B-4BE3-B982-A27E7A73C4F3}.Debug|x64.Build.0 = Debug|x64
		{CE6C3F7C-B05B-4BE3-B982-A27E7A73C4F3}.Debug|x86.ActiveCfg = Debug|x86
		{CE6C3F7C-B05B-4BE3-B982-A27E7A73C4F3}.Debug|x86.Build.0 = Debug|x86
		{CE6C3F7C-B05B-4BE3-B982-A27E7A73C4F3}.Release|Any CPU.ActiveCfg = Release|Any CPU
		{CE6C3F7C-B05B-4BE3-B982-A27E7A73C4F3}.Release|Any CPU.Build.0 = Release|Any CPU
		{CE6C3F7C-B05B-4BE3-B982-A27E7A73C4F3}.Release|x64.ActiveCfg = Release|x64
		{CE6C3F7C-B05B-4BE3-B982-A27E7A73C4F3}.Release|x64.Build.0 = Release|x64
		{CE6C3F7C-B05B-4BE3-B982-A27E7A73C4F3}.Release|x86.ActiveCfg = Release|x86
		{CE6C3F7C-B05B-4BE3-B982-A27E7A73C4F3}.Release|x86.Build.0 = Release|x86
		{1687A6B1-662C-4A5D-BC3D-5BC26E544757}.Debug|Any CPU.ActiveCfg = Debug|Any CPU
		{1687A6B1-662C-4A5D-BC3D-5BC26E544757}.Debug|Any CPU.Build.0 = Debug|Any CPU
		{1687A6B1-662C-4A5D-BC3D-5BC26E544757}.Debug|x64.ActiveCfg = Debug|Any CPU
		{1687A6B1-662C-4A5D-BC3D-5BC26E544757}.Debug|x64.Build.0 = Debug|Any CPU
		{1687A6B1-662C-4A5D-BC3D-5BC26E544757}.Debug|x86.ActiveCfg = Debug|Any CPU
		{1687A6B1-662C-4A5D-BC3D-5BC26E544757}.Debug|x86.Build.0 = Debug|Any CPU
		{1687A6B1-662C-4A5D-BC3D-5BC26E544757}.Release|Any CPU.ActiveCfg = Release|Any CPU
		{1687A6B1-662C-4A5D-BC3D-5BC26E544757}.Release|Any CPU.Build.0 = Release|Any CPU
		{1687A6B1-662C-4A5D-BC3D-5BC26E544757}.Release|x64.ActiveCfg = Release|Any CPU
		{1687A6B1-662C-4A5D-BC3D-5BC26E544757}.Release|x64.Build.0 = Release|Any CPU
		{1687A6B1-662C-4A5D-BC3D-5BC26E544757}.Release|x86.ActiveCfg = Release|Any CPU
		{1687A6B1-662C-4A5D-BC3D-5BC26E544757}.Release|x86.Build.0 = Release|Any CPU
		{FA84850A-20CA-4E08-8863-7F912470CD2C}.Debug|Any CPU.ActiveCfg = Debug|Any CPU
		{FA84850A-20CA-4E08-8863-7F912470CD2C}.Debug|Any CPU.Build.0 = Debug|Any CPU
		{FA84850A-20CA-4E08-8863-7F912470CD2C}.Debug|x64.ActiveCfg = Debug|Any CPU
		{FA84850A-20CA-4E08-8863-7F912470CD2C}.Debug|x64.Build.0 = Debug|Any CPU
		{FA84850A-20CA-4E08-8863-7F912470CD2C}.Debug|x86.ActiveCfg = Debug|Any CPU
		{FA84850A-20CA-4E08-8863-7F912470CD2C}.Debug|x86.Build.0 = Debug|Any CPU
		{FA84850A-20CA-4E08-8863-7F912470CD2C}.Release|Any CPU.ActiveCfg = Release|Any CPU
		{FA84850A-20CA-4E08-8863-7F912470CD2C}.Release|Any CPU.Build.0 = Release|Any CPU
		{FA84850A-20CA-4E08-8863-7F912470CD2C}.Release|x64.ActiveCfg = Release|Any CPU
		{FA84850A-20CA-4E08-8863-7F912470CD2C}.Release|x64.Build.0 = Release|Any CPU
		{FA84850A-20CA-4E08-8863-7F912470CD2C}.Release|x86.ActiveCfg = Release|Any CPU
		{FA84850A-20CA-4E08-8863-7F912470CD2C}.Release|x86.Build.0 = Release|Any CPU
	EndGlobalSection
	GlobalSection(SolutionProperties) = preSolution
		HideSolutionNode = FALSE
	EndGlobalSection
	GlobalSection(NestedProjects) = preSolution
		{84EC3D01-2881-402F-BB7E-DA77745F58D7} = {509D0DC1-9D10-4867-A343-DBF7511335DC}
		{D57699F4-52A6-418D-8A1F-4D6D416061CF} = {17FF4568-701D-45F9-A612-A3637713FC3E}
		{96E16A3C-4C5B-4924-AA5B-7B87DD8922A7} = {AF1D8CEB-F9F8-4212-9B8C-CBC30291659E}
		{05095DE4-3008-4174-A448-0FE790A6D7BF} = {96E16A3C-4C5B-4924-AA5B-7B87DD8922A7}
		{4B5B3459-0802-4454-8C97-1B4B619F2AB6} = {96E16A3C-4C5B-4924-AA5B-7B87DD8922A7}
		{D5C8497F-AAA6-4D52-A9B5-5DC9969CADF6} = {4B5B3459-0802-4454-8C97-1B4B619F2AB6}
		{419531AA-97B0-4714-B5A4-2952D04C3DBA} = {4B5B3459-0802-4454-8C97-1B4B619F2AB6}
		{D0256451-0E45-4C47-8AE4-6CEF4AE16848} = {17FF4568-701D-45F9-A612-A3637713FC3E}
		{1B8CBDEE-922A-4281-8137-6ACEF26D4801} = {17FF4568-701D-45F9-A612-A3637713FC3E}
		{FEFA65EA-80FA-4957-A0AF-3CB9E46BC6E7} = {F6B4DFFC-79B2-4676-AA6D-0E68C91D3F98}
		{CDCDD0D1-DA85-4D0F-A5C9-08C59FB1AA22} = {FEFA65EA-80FA-4957-A0AF-3CB9E46BC6E7}
		{84554694-D2B4-482A-833F-B4A95921F0C7} = {FEFA65EA-80FA-4957-A0AF-3CB9E46BC6E7}
		{06F28C43-02BB-4CC6-8D23-E12F42FCC315} = {DF83F9D3-48E8-4224-8278-1731A44C0DA3}
		{DF83F9D3-48E8-4224-8278-1731A44C0DA3} = {3B5F5C60-7293-4ACB-B208-EE45983C2D34}
		{D54964A5-0122-4A79-B286-1CA80BE78347} = {DF83F9D3-48E8-4224-8278-1731A44C0DA3}
		{5297D552-60F3-4C51-903F-5D4BBF42E62A} = {AF1D8CEB-F9F8-4212-9B8C-CBC30291659E}
		{4A385F99-D912-45B5-B90F-D4CC35327D2B} = {5297D552-60F3-4C51-903F-5D4BBF42E62A}
		{DF75D836-4B43-45BE-968A-7AED87D8A838} = {4A385F99-D912-45B5-B90F-D4CC35327D2B}
		{964038FF-05A6-4526-98EF-A412A30C11DB} = {4A385F99-D912-45B5-B90F-D4CC35327D2B}
		{39CEA822-9ACC-412B-A07D-821595A3698B} = {4A385F99-D912-45B5-B90F-D4CC35327D2B}
		{8D37D35C-08DF-48FF-97DF-CBA6119E3DF3} = {4A385F99-D912-45B5-B90F-D4CC35327D2B}
		{CE6C3F7C-B05B-4BE3-B982-A27E7A73C4F3} = {5297D552-60F3-4C51-903F-5D4BBF42E62A}
		{1687A6B1-662C-4A5D-BC3D-5BC26E544757} = {17FF4568-701D-45F9-A612-A3637713FC3E}
		{FA84850A-20CA-4E08-8863-7F912470CD2C} = {3B5F5C60-7293-4ACB-B208-EE45983C2D34}
	EndGlobalSection
	GlobalSection(ExtensibilityGlobals) = postSolution
		SolutionGuid = {6D4206DF-0B60-4CA8-978E-45BF879850A9}
	EndGlobalSection
EndGlobal
